
Microsoft Visual Studio Solution File, Format Version 12.00
# Visual Studio 15
VisualStudioVersion = 15.0.27428.2027
MinimumVisualStudioVersion = 10.0.40219.1
Project("{FAE04EC0-301F-11D3-BF4B-00C04F79EFBC}") = "Golbeh", "Golbeh\Golbeh.csproj", "{01D3BEEF-FBC1-400E-99D2-5BF2A5A1FCDA}"
EndProject
Global
	GlobalSection(SolutionConfigurationPlatforms) = preSolution
		Debug|Any CPU = Debug|Any CPU
		Release|Any CPU = Release|Any CPU
	EndGlobalSection
	GlobalSection(ProjectConfigurationPlatforms) = postSolution
		{01D3BEEF-FBC1-400E-99D2-5BF2A5A1FCDA}.Debug|Any CPU.ActiveCfg = Debug|Any CPU
		{01D3BEEF-FBC1-400E-99D2-5BF2A5A1FCDA}.Debug|Any CPU.Build.0 = Debug|Any CPU
		{01D3BEEF-FBC1-400E-99D2-5BF2A5A1FCDA}.Release|Any CPU.ActiveCfg = Release|Any CPU
		{01D3BEEF-FBC1-400E-99D2-5BF2A5A1FCDA}.Release|Any CPU.Build.0 = Release|Any CPU
	EndGlobalSection
	GlobalSection(SolutionProperties) = preSolution
		HideSolutionNode = FALSE
	EndGlobalSection
	GlobalSection(ExtensibilityGlobals) = postSolution
		SolutionGuid = {B72000CB-3421-479E-A08A-1153CDB08166}
	EndGlobalSection
EndGlobal
